
Microsoft Visual Studio Solution File, Format Version 12.00
# Visual Studio Version 17
VisualStudioVersion = 17.3.32929.385
MinimumVisualStudioVersion = 10.0.40219.1
Project("{9A19103F-16F7-4668-BE54-9A1E7A4F7556}") = "CustomMusicCreator", "CustomMusicCreator\CustomMusicCreator.csproj", "{9DDA9708-7C0D-476A-A84B-63E862AD4C3A}"
EndProject
Project("{9A19103F-16F7-4668-BE54-9A1E7A4F7556}") = "CustomMusicCreatorTest", "CustomMusicCreatorTest\CustomMusicCreatorTest.csproj", "{B1A55567-3119-436F-9783-70E1EAD0726C}"
EndProject
Project("{9A19103F-16F7-4668-BE54-9A1E7A4F7556}") = "PanPakapon", "PanPakapon\PanPakapon.csproj", "{587FC75D-ED74-4C74-8662-F704180C0924}"
EndProject
Project("{FAE04EC0-301F-11D3-BF4B-00C04F79EFBC}") = "PanPakapon-Console", "PanPakapon-Console\PanPakapon-Console.csproj", "{9F5A9060-5097-4317-88C3-DE5279C83687}"
EndProject
Global
	GlobalSection(SolutionConfigurationPlatforms) = preSolution
		Debug|Any CPU = Debug|Any CPU
		Release|Any CPU = Release|Any CPU
	EndGlobalSection
	GlobalSection(ProjectConfigurationPlatforms) = postSolution
		{9DDA9708-7C0D-476A-A84B-63E862AD4C3A}.Debug|Any CPU.ActiveCfg = Debug|Any CPU
		{9DDA9708-7C0D-476A-A84B-63E862AD4C3A}.Debug|Any CPU.Build.0 = Debug|Any CPU
		{9DDA9708-7C0D-476A-A84B-63E862AD4C3A}.Release|Any CPU.ActiveCfg = Release|Any CPU
		{9DDA9708-7C0D-476A-A84B-63E862AD4C3A}.Release|Any CPU.Build.0 = Release|Any CPU
		{B1A55567-3119-436F-9783-70E1EAD0726C}.Debug|Any CPU.ActiveCfg = Debug|Any CPU
		{B1A55567-3119-436F-9783-70E1EAD0726C}.Debug|Any CPU.Build.0 = Debug|Any CPU
		{B1A55567-3119-436F-9783-70E1EAD0726C}.Release|Any CPU.ActiveCfg = Release|Any CPU
		{B1A55567-3119-436F-9783-70E1EAD0726C}.Release|Any CPU.Build.0 = Release|Any CPU
		{587FC75D-ED74-4C74-8662-F704180C0924}.Debug|Any CPU.ActiveCfg = Debug|Any CPU
		{587FC75D-ED74-4C74-8662-F704180C0924}.Debug|Any CPU.Build.0 = Debug|Any CPU
		{587FC75D-ED74-4C74-8662-F704180C0924}.Release|Any CPU.ActiveCfg = Release|Any CPU
		{587FC75D-ED74-4C74-8662-F704180C0924}.Release|Any CPU.Build.0 = Release|Any CPU
		{9F5A9060-5097-4317-88C3-DE5279C83687}.Debug|Any CPU.ActiveCfg = Debug|Any CPU
		{9F5A9060-5097-4317-88C3-DE5279C83687}.Debug|Any CPU.Build.0 = Debug|Any CPU
		{9F5A9060-5097-4317-88C3-DE5279C83687}.Release|Any CPU.ActiveCfg = Release|Any CPU
		{9F5A9060-5097-4317-88C3-DE5279C83687}.Release|Any CPU.Build.0 = Release|Any CPU
	EndGlobalSection
	GlobalSection(SolutionProperties) = preSolution
		HideSolutionNode = FALSE
	EndGlobalSection
	GlobalSection(ExtensibilityGlobals) = postSolution
		SolutionGuid = {79D45CF6-B274-40CF-BA3B-E67B31DA9286}
	EndGlobalSection
EndGlobal
